// !$*UTF8*$!
{
	archiveVersion = 1;
	classes = {
	};
	objectVersion = 50;
	objects = {

/* Begin PBXBuildFile section */
		4E70BF60236CBAE600A9BC73 /* AppDelegate.swift in Sources */ = {isa = PBXBuildFile; fileRef = 4E70BF5F236CBAE600A9BC73 /* AppDelegate.swift */; };
		4E70BF62236CBAE600A9BC73 /* SceneDelegate.swift in Sources */ = {isa = PBXBuildFile; fileRef = 4E70BF61236CBAE600A9BC73 /* SceneDelegate.swift */; };
		4E70BF69236CBAE700A9BC73 /* Assets.xcassets in Resources */ = {isa = PBXBuildFile; fileRef = 4E70BF68236CBAE700A9BC73 /* Assets.xcassets */; };
		4E70BF6C236CBAE800A9BC73 /* LaunchScreen.storyboard in Resources */ = {isa = PBXBuildFile; fileRef = 4E70BF6A236CBAE800A9BC73 /* LaunchScreen.storyboard */; };
		4E70BF77236CBAE800A9BC73 /* MamasTechTests.swift in Sources */ = {isa = PBXBuildFile; fileRef = 4E70BF76236CBAE800A9BC73 /* MamasTechTests.swift */; };
		4E70BF88236CC71800A9BC73 /* Service.swift in Sources */ = {isa = PBXBuildFile; fileRef = 4E70BF87236CC71800A9BC73 /* Service.swift */; };
		4E70BF8A236CC72B00A9BC73 /* CurrentAppointment.swift in Sources */ = {isa = PBXBuildFile; fileRef = 4E70BF89236CC72B00A9BC73 /* CurrentAppointment.swift */; };
		4E70BF8C236CC74000A9BC73 /* UserSettings.swift in Sources */ = {isa = PBXBuildFile; fileRef = 4E70BF8B236CC74000A9BC73 /* UserSettings.swift */; };
/* End PBXBuildFile section */

/* Begin PBXContainerItemProxy section */
		4E70BF73236CBAE800A9BC73 /* PBXContainerItemProxy */ = {
			isa = PBXContainerItemProxy;
			containerPortal = 4E70BF54236CBAE600A9BC73 /* Project object */;
			proxyType = 1;
			remoteGlobalIDString = 4E70BF5B236CBAE600A9BC73;
			remoteInfo = MamasTech;
		};
/* End PBXContainerItemProxy section */

/* Begin PBXFileReference section */
		4E70BF5C236CBAE600A9BC73 /* MamasTech.app */ = {isa = PBXFileReference; explicitFileType = wrapper.application; includeInIndex = 0; path = MamasTech.app; sourceTree = BUILT_PRODUCTS_DIR; };
		4E70BF5F236CBAE600A9BC73 /* AppDelegate.swift */ = {isa = PBXFileReference; lastKnownFileType = sourcecode.swift; path = AppDelegate.swift; sourceTree = "<group>"; };
		4E70BF61236CBAE600A9BC73 /* SceneDelegate.swift */ = {isa = PBXFileReference; lastKnownFileType = sourcecode.swift; path = SceneDelegate.swift; sourceTree = "<group>"; };
		4E70BF68236CBAE700A9BC73 /* Assets.xcassets */ = {isa = PBXFileReference; lastKnownFileType = folder.assetcatalog; path = Assets.xcassets; sourceTree = "<group>"; };
		4E70BF6B236CBAE800A9BC73 /* Base */ = {isa = PBXFileReference; lastKnownFileType = file.storyboard; name = Base; path = Base.lproj/LaunchScreen.storyboard; sourceTree = "<group>"; };
		4E70BF6D236CBAE800A9BC73 /* Info.plist */ = {isa = PBXFileReference; lastKnownFileType = text.plist.xml; path = Info.plist; sourceTree = "<group>"; };
		4E70BF72236CBAE800A9BC73 /* MamasTechTests.xctest */ = {isa = PBXFileReference; explicitFileType = wrapper.cfbundle; includeInIndex = 0; path = MamasTechTests.xctest; sourceTree = BUILT_PRODUCTS_DIR; };
		4E70BF76236CBAE800A9BC73 /* MamasTechTests.swift */ = {isa = PBXFileReference; lastKnownFileType = sourcecode.swift; path = MamasTechTests.swift; sourceTree = "<group>"; };
		4E70BF78236CBAE800A9BC73 /* Info.plist */ = {isa = PBXFileReference; lastKnownFileType = text.plist.xml; path = Info.plist; sourceTree = "<group>"; };
		4E70BF87236CC71800A9BC73 /* Service.swift */ = {isa = PBXFileReference; lastKnownFileType = sourcecode.swift; path = Service.swift; sourceTree = "<group>"; };
		4E70BF89236CC72B00A9BC73 /* CurrentAppointment.swift */ = {isa = PBXFileReference; lastKnownFileType = sourcecode.swift; path = CurrentAppointment.swift; sourceTree = "<group>"; };
		4E70BF8B236CC74000A9BC73 /* UserSettings.swift */ = {isa = PBXFileReference; lastKnownFileType = sourcecode.swift; path = UserSettings.swift; sourceTree = "<group>"; };
/* End PBXFileReference section */

/* Begin PBXFrameworksBuildPhase section */
		4E70BF59236CBAE600A9BC73 /* Frameworks */ = {
			isa = PBXFrameworksBuildPhase;
			buildActionMask = 2147483647;
			files = (
			);
			runOnlyForDeploymentPostprocessing = 0;
		};
		4E70BF6F236CBAE800A9BC73 /* Frameworks */ = {
			isa = PBXFrameworksBuildPhase;
			buildActionMask = 2147483647;
			files = (
			);
			runOnlyForDeploymentPostprocessing = 0;
		};
/* End PBXFrameworksBuildPhase section */

/* Begin PBXGroup section */
		4E70BF53236CBAE600A9BC73 = {
			isa = PBXGroup;
			children = (
				4E70BF5E236CBAE600A9BC73 /* MamasTech */,
				4E70BF75236CBAE800A9BC73 /* MamasTechTests */,
				4E70BF5D236CBAE600A9BC73 /* Products */,
			);
			sourceTree = "<group>";
		};
		4E70BF5D236CBAE600A9BC73 /* Products */ = {
			isa = PBXGroup;
			children = (
				4E70BF5C236CBAE600A9BC73 /* MamasTech.app */,
				4E70BF72236CBAE800A9BC73 /* MamasTechTests.xctest */,
			);
			name = Products;
			sourceTree = "<group>";
		};
		4E70BF5E236CBAE600A9BC73 /* MamasTech */ = {
			isa = PBXGroup;
			children = (
				4E70BF81236CC63F00A9BC73 /* Controllers */,
				4E70BF82236CC64A00A9BC73 /* CustomCells */,
				4E70BF83236CC65D00A9BC73 /* Models */,
				4E70BF84236CC67500A9BC73 /* Supporting Files */,
				4E70BF6D236CBAE800A9BC73 /* Info.plist */,
			);
			path = MamasTech;
			sourceTree = "<group>";
		};
		4E70BF75236CBAE800A9BC73 /* MamasTechTests */ = {
			isa = PBXGroup;
			children = (
				4E70BF76236CBAE800A9BC73 /* MamasTechTests.swift */,
				4E70BF78236CBAE800A9BC73 /* Info.plist */,
			);
			path = MamasTechTests;
			sourceTree = "<group>";
		};
		4E70BF81236CC63F00A9BC73 /* Controllers */ = {
			isa = PBXGroup;
			children = (
				4E70BF87236CC71800A9BC73 /* Service.swift */,
				4E70BF89236CC72B00A9BC73 /* CurrentAppointment.swift */,
				4E70BF8B236CC74000A9BC73 /* UserSettings.swift */,
			);
			path = Controllers;
			sourceTree = "<group>";
		};
		4E70BF82236CC64A00A9BC73 /* CustomCells */ = {
			isa = PBXGroup;
			children = (
			);
			path = CustomCells;
			sourceTree = "<group>";
		};
		4E70BF83236CC65D00A9BC73 /* Models */ = {
			isa = PBXGroup;
			children = (
			);
			path = Models;
			sourceTree = "<group>";
		};
		4E70BF84236CC67500A9BC73 /* Supporting Files */ = {
			isa = PBXGroup;
			children = (
				4E70BF5F236CBAE600A9BC73 /* AppDelegate.swift */,
				4E70BF6A236CBAE800A9BC73 /* LaunchScreen.storyboard */,
				4E70BF61236CBAE600A9BC73 /* SceneDelegate.swift */,
				4E70BF68236CBAE700A9BC73 /* Assets.xcassets */,
			);
			name = "Supporting Files";
			sourceTree = "<group>";
		};
/* End PBXGroup section */

/* Begin PBXNativeTarget section */
		4E70BF5B236CBAE600A9BC73 /* MamasTech */ = {
			isa = PBXNativeTarget;
			buildConfigurationList = 4E70BF7B236CBAE800A9BC73 /* Build configuration list for PBXNativeTarget "MamasTech" */;
			buildPhases = (
				4E70BF58236CBAE600A9BC73 /* Sources */,
				4E70BF59236CBAE600A9BC73 /* Frameworks */,
				4E70BF5A236CBAE600A9BC73 /* Resources */,
			);
			buildRules = (
			);
			dependencies = (
			);
			name = MamasTech;
			productName = MamasTech;
			productReference = 4E70BF5C236CBAE600A9BC73 /* MamasTech.app */;
			productType = "com.apple.product-type.application";
		};
		4E70BF71236CBAE800A9BC73 /* MamasTechTests */ = {
			isa = PBXNativeTarget;
			buildConfigurationList = 4E70BF7E236CBAE800A9BC73 /* Build configuration list for PBXNativeTarget "MamasTechTests" */;
			buildPhases = (
				4E70BF6E236CBAE800A9BC73 /* Sources */,
				4E70BF6F236CBAE800A9BC73 /* Frameworks */,
				4E70BF70236CBAE800A9BC73 /* Resources */,
			);
			buildRules = (
			);
			dependencies = (
				4E70BF74236CBAE800A9BC73 /* PBXTargetDependency */,
			);
			name = MamasTechTests;
			productName = MamasTechTests;
			productReference = 4E70BF72236CBAE800A9BC73 /* MamasTechTests.xctest */;
			productType = "com.apple.product-type.bundle.unit-test";
		};
/* End PBXNativeTarget section */

/* Begin PBXProject section */
		4E70BF54236CBAE600A9BC73 /* Project object */ = {
			isa = PBXProject;
			attributes = {
				LastSwiftUpdateCheck = 1110;
				LastUpgradeCheck = 1110;
				ORGANIZATIONNAME = "Tia Lendor";
				TargetAttributes = {
					4E70BF5B236CBAE600A9BC73 = {
						CreatedOnToolsVersion = 11.1;
					};
					4E70BF71236CBAE800A9BC73 = {
						CreatedOnToolsVersion = 11.1;
						TestTargetID = 4E70BF5B236CBAE600A9BC73;
					};
				};
			};
			buildConfigurationList = 4E70BF57236CBAE600A9BC73 /* Build configuration list for PBXProject "MamasTech" */;
			compatibilityVersion = "Xcode 9.3";
			developmentRegion = en;
			hasScannedForEncodings = 0;
			knownRegions = (
				en,
				Base,
			);
			mainGroup = 4E70BF53236CBAE600A9BC73;
			productRefGroup = 4E70BF5D236CBAE600A9BC73 /* Products */;
			projectDirPath = "";
			projectRoot = "";
			targets = (
				4E70BF5B236CBAE600A9BC73 /* MamasTech */,
				4E70BF71236CBAE800A9BC73 /* MamasTechTests */,
			);
		};
/* End PBXProject section */

/* Begin PBXResourcesBuildPhase section */
		4E70BF5A236CBAE600A9BC73 /* Resources */ = {
			isa = PBXResourcesBuildPhase;
			buildActionMask = 2147483647;
			files = (
				4E70BF6C236CBAE800A9BC73 /* LaunchScreen.storyboard in Resources */,
				4E70BF69236CBAE700A9BC73 /* Assets.xcassets in Resources */,
			);
			runOnlyForDeploymentPostprocessing = 0;
		};
		4E70BF70236CBAE800A9BC73 /* Resources */ = {
			isa = PBXResourcesBuildPhase;
			buildActionMask = 2147483647;
			files = (
			);
			runOnlyForDeploymentPostprocessing = 0;
		};
/* End PBXResourcesBuildPhase section */

/* Begin PBXSourcesBuildPhase section */
		4E70BF58236CBAE600A9BC73 /* Sources */ = {
			isa = PBXSourcesBuildPhase;
			buildActionMask = 2147483647;
			files = (
				4E70BF60236CBAE600A9BC73 /* AppDelegate.swift in Sources */,
				4E70BF8A236CC72B00A9BC73 /* CurrentAppointment.swift in Sources */,
				4E70BF62236CBAE600A9BC73 /* SceneDelegate.swift in Sources */,
				4E70BF8C236CC74000A9BC73 /* UserSettings.swift in Sources */,
				4E70BF88236CC71800A9BC73 /* Service.swift in Sources */,
			);
			runOnlyForDeploymentPostprocessing = 0;
		};
		4E70BF6E236CBAE800A9BC73 /* Sources */ = {
			isa = PBXSourcesBuildPhase;
			buildActionMask = 2147483647;
			files = (
				4E70BF77236CBAE800A9BC73 /* MamasTechTests.swift in Sources */,
			);
			runOnlyForDeploymentPostprocessing = 0;
		};
/* End PBXSourcesBuildPhase section */

/* Begin PBXTargetDependency section */
		4E70BF74236CBAE800A9BC73 /* PBXTargetDependency */ = {
			isa = PBXTargetDependency;
			target = 4E70BF5B236CBAE600A9BC73 /* MamasTech */;
			targetProxy = 4E70BF73236CBAE800A9BC73 /* PBXContainerItemProxy */;
		};
/* End PBXTargetDependency section */

/* Begin PBXVariantGroup section */
		4E70BF6A236CBAE800A9BC73 /* LaunchScreen.storyboard */ = {
			isa = PBXVariantGroup;
			children = (
				4E70BF6B236CBAE800A9BC73 /* Base */,
			);
			name = LaunchScreen.storyboard;
			sourceTree = "<group>";
		};
/* End PBXVariantGroup section */

/* Begin XCBuildConfiguration section */
		4E70BF79236CBAE800A9BC73 /* Debug */ = {
			isa = XCBuildConfiguration;
			buildSettings = {
				ALWAYS_SEARCH_USER_PATHS = NO;
				CLANG_ANALYZER_NONNULL = YES;
				CLANG_ANALYZER_NUMBER_OBJECT_CONVERSION = YES_AGGRESSIVE;
				CLANG_CXX_LANGUAGE_STANDARD = "gnu++14";
				CLANG_CXX_LIBRARY = "libc++";
				CLANG_ENABLE_MODULES = YES;
				CLANG_ENABLE_OBJC_ARC = YES;
				CLANG_ENABLE_OBJC_WEAK = YES;
				CLANG_WARN_BLOCK_CAPTURE_AUTORELEASING = YES;
				CLANG_WARN_BOOL_CONVERSION = YES;
				CLANG_WARN_COMMA = YES;
				CLANG_WARN_CONSTANT_CONVERSION = YES;
				CLANG_WARN_DEPRECATED_OBJC_IMPLEMENTATIONS = YES;
				CLANG_WARN_DIRECT_OBJC_ISA_USAGE = YES_ERROR;
				CLANG_WARN_DOCUMENTATION_COMMENTS = YES;
				CLANG_WARN_EMPTY_BODY = YES;
				CLANG_WARN_ENUM_CONVERSION = YES;
				CLANG_WARN_INFINITE_RECURSION = YES;
				CLANG_WARN_INT_CONVERSION = YES;
				CLANG_WARN_NON_LITERAL_NULL_CONVERSION = YES;
				CLANG_WARN_OBJC_IMPLICIT_RETAIN_SELF = YES;
				CLANG_WARN_OBJC_LITERAL_CONVERSION = YES;
				CLANG_WARN_OBJC_ROOT_CLASS = YES_ERROR;
				CLANG_WARN_RANGE_LOOP_ANALYSIS = YES;
				CLANG_WARN_STRICT_PROTOTYPES = YES;
				CLANG_WARN_SUSPICIOUS_MOVE = YES;
				CLANG_WARN_UNGUARDED_AVAILABILITY = YES_AGGRESSIVE;
				CLANG_WARN_UNREACHABLE_CODE = YES;
				CLANG_WARN__DUPLICATE_METHOD_MATCH = YES;
				COPY_PHASE_STRIP = NO;
				DEBUG_INFORMATION_FORMAT = dwarf;
				ENABLE_STRICT_OBJC_MSGSEND = YES;
				ENABLE_TESTABILITY = YES;
				GCC_C_LANGUAGE_STANDARD = gnu11;
				GCC_DYNAMIC_NO_PIC = NO;
				GCC_NO_COMMON_BLOCKS = YES;
				GCC_OPTIMIZATION_LEVEL = 0;
				GCC_PREPROCESSOR_DEFINITIONS = (
					"DEBUG=1",
					"$(inherited)",
				);
				GCC_WARN_64_TO_32_BIT_CONVERSION = YES;
				GCC_WARN_ABOUT_RETURN_TYPE = YES_ERROR;
				GCC_WARN_UNDECLARED_SELECTOR = YES;
				GCC_WARN_UNINITIALIZED_AUTOS = YES_AGGRESSIVE;
				GCC_WARN_UNUSED_FUNCTION = YES;
				GCC_WARN_UNUSED_VARIABLE = YES;
				IPHONEOS_DEPLOYMENT_TARGET = 13.1;
				MTL_ENABLE_DEBUG_INFO = INCLUDE_SOURCE;
				MTL_FAST_MATH = YES;
				ONLY_ACTIVE_ARCH = YES;
				SDKROOT = iphoneos;
				SWIFT_ACTIVE_COMPILATION_CONDITIONS = DEBUG;
				SWIFT_OPTIMIZATION_LEVEL = "-Onone";
			};
			name = Debug;
		};
		4E70BF7A236CBAE800A9BC73 /* Release */ = {
			isa = XCBuildConfiguration;
			buildSettings = {
				ALWAYS_SEARCH_USER_PATHS = NO;
				CLANG_ANALYZER_NONNULL = YES;
				CLANG_ANALYZER_NUMBER_OBJECT_CONVERSION = YES_AGGRESSIVE;
				CLANG_CXX_LANGUAGE_STANDARD = "gnu++14";
				CLANG_CXX_LIBRARY = "libc++";
				CLANG_ENABLE_MODULES = YES;
				CLANG_ENABLE_OBJC_ARC = YES;
				CLANG_ENABLE_OBJC_WEAK = YES;
				CLANG_WARN_BLOCK_CAPTURE_AUTORELEASING = YES;
				CLANG_WARN_BOOL_CONVERSION = YES;
				CLANG_WARN_COMMA = YES;
				CLANG_WARN_CONSTANT_CONVERSION = YES;
				CLANG_WARN_DEPRECATED_OBJC_IMPLEMENTATIONS = YES;
				CLANG_WARN_DIRECT_OBJC_ISA_USAGE = YES_ERROR;
				CLANG_WARN_DOCUMENTATION_COMMENTS = YES;
				CLANG_WARN_EMPTY_BODY = YES;
				CLANG_WARN_ENUM_CONVERSION = YES;
				CLANG_WARN_INFINITE_RECURSION = YES;
				CLANG_WARN_INT_CONVERSION = YES;
				CLANG_WARN_NON_LITERAL_NULL_CONVERSION = YES;
				CLANG_WARN_OBJC_IMPLICIT_RETAIN_SELF = YES;
				CLANG_WARN_OBJC_LITERAL_CONVERSION = YES;
				CLANG_WARN_OBJC_ROOT_CLASS = YES_ERROR;
				CLANG_WARN_RANGE_LOOP_ANALYSIS = YES;
				CLANG_WARN_STRICT_PROTOTYPES = YES;
				CLANG_WARN_SUSPICIOUS_MOVE = YES;
				CLANG_WARN_UNGUARDED_AVAILABILITY = YES_AGGRESSIVE;
				CLANG_WARN_UNREACHABLE_CODE = YES;
				CLANG_WARN__DUPLICATE_METHOD_MATCH = YES;
				COPY_PHASE_STRIP = NO;
				DEBUG_INFORMATION_FORMAT = "dwarf-with-dsym";
				ENABLE_NS_ASSERTIONS = NO;
				ENABLE_STRICT_OBJC_MSGSEND = YES;
				GCC_C_LANGUAGE_STANDARD = gnu11;
				GCC_NO_COMMON_BLOCKS = YES;
				GCC_WARN_64_TO_32_BIT_CONVERSION = YES;
				GCC_WARN_ABOUT_RETURN_TYPE = YES_ERROR;
				GCC_WARN_UNDECLARED_SELECTOR = YES;
				GCC_WARN_UNINITIALIZED_AUTOS = YES_AGGRESSIVE;
				GCC_WARN_UNUSED_FUNCTION = YES;
				GCC_WARN_UNUSED_VARIABLE = YES;
				IPHONEOS_DEPLOYMENT_TARGET = 13.1;
				MTL_ENABLE_DEBUG_INFO = NO;
				MTL_FAST_MATH = YES;
				SDKROOT = iphoneos;
				SWIFT_COMPILATION_MODE = wholemodule;
				SWIFT_OPTIMIZATION_LEVEL = "-O";
				VALIDATE_PRODUCT = YES;
			};
			name = Release;
		};
		4E70BF7C236CBAE800A9BC73 /* Debug */ = {
			isa = XCBuildConfiguration;
			buildSettings = {
				ASSETCATALOG_COMPILER_APPICON_NAME = AppIcon;
				CODE_SIGN_STYLE = Automatic;
				INFOPLIST_FILE = MamasTech/Info.plist;
				LD_RUNPATH_SEARCH_PATHS = (
					"$(inherited)",
					"@executable_path/Frameworks",
				);
				PRODUCT_BUNDLE_IDENTIFIER = tikiproductions.MamasTech;
				PRODUCT_NAME = "$(TARGET_NAME)";
				SWIFT_VERSION = 5.0;
				TARGETED_DEVICE_FAMILY = "1,2";
			};
			name = Debug;
		};
		4E70BF7D236CBAE800A9BC73 /* Release */ = {
			isa = XCBuildConfiguration;
			buildSettings = {
				ASSETCATALOG_COMPILER_APPICON_NAME = AppIcon;
				CODE_SIGN_STYLE = Automatic;
				INFOPLIST_FILE = MamasTech/Info.plist;
				LD_RUNPATH_SEARCH_PATHS = (
					"$(inherited)",
					"@executable_path/Frameworks",
				);
				PRODUCT_BUNDLE_IDENTIFIER = tikiproductions.MamasTech;
				PRODUCT_NAME = "$(TARGET_NAME)";
				SWIFT_VERSION = 5.0;
				TARGETED_DEVICE_FAMILY = "1,2";
			};
			name = Release;
		};
		4E70BF7F236CBAE800A9BC73 /* Debug */ = {
			isa = XCBuildConfiguration;
			buildSettings = {
				ALWAYS_EMBED_SWIFT_STANDARD_LIBRARIES = YES;
				BUNDLE_LOADER = "$(TEST_HOST)";
				CODE_SIGN_STYLE = Automatic;
				INFOPLIST_FILE = MamasTechTests/Info.plist;
				IPHONEOS_DEPLOYMENT_TARGET = 13.1;
				LD_RUNPATH_SEARCH_PATHS = (
					"$(inherited)",
					"@executable_path/Frameworks",
					"@loader_path/Frameworks",
				);
				PRODUCT_BUNDLE_IDENTIFIER = tikiproductions.MamasTechTests;
				PRODUCT_NAME = "$(TARGET_NAME)";
				SWIFT_VERSION = 5.0;
				TARGETED_DEVICE_FAMILY = "1,2";
				TEST_HOST = "$(BUILT_PRODUCTS_DIR)/MamasTech.app/MamasTech";
			};
			name = Debug;
		};
		4E70BF80236CBAE800A9BC73 /* Release */ = {
			isa = XCBuildConfiguration;
			buildSettings = {
				ALWAYS_EMBED_SWIFT_STANDARD_LIBRARIES = YES;
				BUNDLE_LOADER = "$(TEST_HOST)";
				CODE_SIGN_STYLE = Automatic;
				INFOPLIST_FILE = MamasTechTests/Info.plist;
				IPHONEOS_DEPLOYMENT_TARGET = 13.1;
				LD_RUNPATH_SEARCH_PATHS = (
					"$(inherited)",
					"@executable_path/Frameworks",
					"@loader_path/Frameworks",
				);
				PRODUCT_BUNDLE_IDENTIFIER = tikiproductions.MamasTechTests;
				PRODUCT_NAME = "$(TARGET_NAME)";
				SWIFT_VERSION = 5.0;
				TARGETED_DEVICE_FAMILY = "1,2";
				TEST_HOST = "$(BUILT_PRODUCTS_DIR)/MamasTech.app/MamasTech";
			};
			name = Release;
		};
/* End XCBuildConfiguration section */

/* Begin XCConfigurationList section */
		4E70BF57236CBAE600A9BC73 /* Build configuration list for PBXProject "MamasTech" */ = {
			isa = XCConfigurationList;
			buildConfigurations = (
				4E70BF79236CBAE800A9BC73 /* Debug */,
				4E70BF7A236CBAE800A9BC73 /* Release */,
			);
			defaultConfigurationIsVisible = 0;
			defaultConfigurationName = Release;
		};
		4E70BF7B236CBAE800A9BC73 /* Build configuration list for PBXNativeTarget "MamasTech" */ = {
			isa = XCConfigurationList;
			buildConfigurations = (
				4E70BF7C236CBAE800A9BC73 /* Debug */,
				4E70BF7D236CBAE800A9BC73 /* Release */,
			);
			defaultConfigurationIsVisible = 0;
			defaultConfigurationName = Release;
		};
		4E70BF7E236CBAE800A9BC73 /* Build configuration list for PBXNativeTarget "MamasTechTests" */ = {
			isa = XCConfigurationList;
			buildConfigurations = (
				4E70BF7F236CBAE800A9BC73 /* Debug */,
				4E70BF80236CBAE800A9BC73 /* Release */,
			);
			defaultConfigurationIsVisible = 0;
			defaultConfigurationName = Release;
		};
/* End XCConfigurationList section */
	};
	rootObject = 4E70BF54236CBAE600A9BC73 /* Project object */;
}
